
Microsoft Visual Studio Solution File, Format Version 12.00
# Visual Studio 2013
VisualStudioVersion = 12.0.31101.0
MinimumVisualStudioVersion = 10.0.40219.1
Project("{FAE04EC0-301F-11D3-BF4B-00C04F79EFBC}") = "System1", "System1\System1.csproj", "{BC0F0D48-0731-4256-918C-7EF7C8CC4E5A}"
EndProject
Project("{FAE04EC0-301F-11D3-BF4B-00C04F79EFBC}") = "TodoActors", "TodoActors\TodoActors.csproj", "{EA0E3D43-AEFE-4730-95B9-FB8663D0E9B3}"
EndProject
Project("{2150E333-8FDC-42A3-9474-1A3956D46DE8}") = ".nuget", ".nuget", "{EA0A1532-265F-4FAB-8DC1-055B9C0D8941}"
	ProjectSection(SolutionItems) = preProject
		.nuget\NuGet.Config = .nuget\NuGet.Config
		.nuget\NuGet.exe = .nuget\NuGet.exe
		.nuget\NuGet.targets = .nuget\NuGet.targets
	EndProjectSection
EndProject
Project("{FAE04EC0-301F-11D3-BF4B-00C04F79EFBC}") = "TodoCommon", "TodoCommon\TodoCommon.csproj", "{655D54DB-E07C-4AAC-BE9F-068540657979}"
EndProject
Project("{FAE04EC0-301F-11D3-BF4B-00C04F79EFBC}") = "TodoDataModel", "TodoDataModel\TodoDataModel.csproj", "{1DE7E86B-3C82-4D59-873B-3AE785130E19}"
EndProject
Project("{FAE04EC0-301F-11D3-BF4B-00C04F79EFBC}") = "TodoDataAccess", "TodoDataAccess\TodoDataAccess.csproj", "{DFAD538C-F579-4741-8523-648BD59E41DF}"
EndProject
Project("{FAE04EC0-301F-11D3-BF4B-00C04F79EFBC}") = "TodoService", "TodoService\TodoService.csproj", "{1A4664DB-6CC5-4F6F-A1CB-C0B021FC91B8}"
EndProject
Project("{FAE04EC0-301F-11D3-BF4B-00C04F79EFBC}") = "TodoActorService", "TodoActorService\TodoActorService.csproj", "{C5F5D766-2FE4-4C29-9794-500B9DBF403E}"
EndProject
Project("{FAE04EC0-301F-11D3-BF4B-00C04F79EFBC}") = "TodoWebApplication", "TodoWebApplication\TodoWebApplication.csproj", "{1019330A-D449-4B0E-9AEA-545DEA53E46F}"
EndProject
Project("{2150E333-8FDC-42A3-9474-1A3956D46DE8}") = "Solution Items", "Solution Items", "{E5F1AB20-9AA3-41BD-8D27-C23D7A49302B}"
	ProjectSection(SolutionItems) = preProject
		README.md = README.md
	EndProjectSection
EndProject
Global
	GlobalSection(SolutionConfigurationPlatforms) = preSolution
		Debug|Any CPU = Debug|Any CPU
		Release|Any CPU = Release|Any CPU
	EndGlobalSection
	GlobalSection(ProjectConfigurationPlatforms) = postSolution
		{BC0F0D48-0731-4256-918C-7EF7C8CC4E5A}.Debug|Any CPU.ActiveCfg = Debug|Any CPU
		{BC0F0D48-0731-4256-918C-7EF7C8CC4E5A}.Debug|Any CPU.Build.0 = Debug|Any CPU
		{BC0F0D48-0731-4256-918C-7EF7C8CC4E5A}.Release|Any CPU.ActiveCfg = Release|Any CPU
		{BC0F0D48-0731-4256-918C-7EF7C8CC4E5A}.Release|Any CPU.Build.0 = Release|Any CPU
		{EA0E3D43-AEFE-4730-95B9-FB8663D0E9B3}.Debug|Any CPU.ActiveCfg = Debug|Any CPU
		{EA0E3D43-AEFE-4730-95B9-FB8663D0E9B3}.Debug|Any CPU.Build.0 = Debug|Any CPU
		{EA0E3D43-AEFE-4730-95B9-FB8663D0E9B3}.Release|Any CPU.ActiveCfg = Release|Any CPU
		{EA0E3D43-AEFE-4730-95B9-FB8663D0E9B3}.Release|Any CPU.Build.0 = Release|Any CPU
		{655D54DB-E07C-4AAC-BE9F-068540657979}.Debug|Any CPU.ActiveCfg = Debug|Any CPU
		{655D54DB-E07C-4AAC-BE9F-068540657979}.Debug|Any CPU.Build.0 = Debug|Any CPU
		{655D54DB-E07C-4AAC-BE9F-068540657979}.Release|Any CPU.ActiveCfg = Release|Any CPU
		{655D54DB-E07C-4AAC-BE9F-068540657979}.Release|Any CPU.Build.0 = Release|Any CPU
		{1DE7E86B-3C82-4D59-873B-3AE785130E19}.Debug|Any CPU.ActiveCfg = Debug|Any CPU
		{1DE7E86B-3C82-4D59-873B-3AE785130E19}.Debug|Any CPU.Build.0 = Debug|Any CPU
		{1DE7E86B-3C82-4D59-873B-3AE785130E19}.Release|Any CPU.ActiveCfg = Release|Any CPU
		{1DE7E86B-3C82-4D59-873B-3AE785130E19}.Release|Any CPU.Build.0 = Release|Any CPU
		{DFAD538C-F579-4741-8523-648BD59E41DF}.Debug|Any CPU.ActiveCfg = Debug|Any CPU
		{DFAD538C-F579-4741-8523-648BD59E41DF}.Debug|Any CPU.Build.0 = Debug|Any CPU
		{DFAD538C-F579-4741-8523-648BD59E41DF}.Release|Any CPU.ActiveCfg = Release|Any CPU
		{DFAD538C-F579-4741-8523-648BD59E41DF}.Release|Any CPU.Build.0 = Release|Any CPU
		{1A4664DB-6CC5-4F6F-A1CB-C0B021FC91B8}.Debug|Any CPU.ActiveCfg = Debug|Any CPU
		{1A4664DB-6CC5-4F6F-A1CB-C0B021FC91B8}.Debug|Any CPU.Build.0 = Debug|Any CPU
		{1A4664DB-6CC5-4F6F-A1CB-C0B021FC91B8}.Release|Any CPU.ActiveCfg = Release|Any CPU
		{1A4664DB-6CC5-4F6F-A1CB-C0B021FC91B8}.Release|Any CPU.Build.0 = Release|Any CPU
		{C5F5D766-2FE4-4C29-9794-500B9DBF403E}.Debug|Any CPU.ActiveCfg = Debug|Any CPU
		{C5F5D766-2FE4-4C29-9794-500B9DBF403E}.Debug|Any CPU.Build.0 = Debug|Any CPU
		{C5F5D766-2FE4-4C29-9794-500B9DBF403E}.Release|Any CPU.ActiveCfg = Release|Any CPU
		{C5F5D766-2FE4-4C29-9794-500B9DBF403E}.Release|Any CPU.Build.0 = Release|Any CPU
		{1019330A-D449-4B0E-9AEA-545DEA53E46F}.Debug|Any CPU.ActiveCfg = Debug|Any CPU
		{1019330A-D449-4B0E-9AEA-545DEA53E46F}.Debug|Any CPU.Build.0 = Debug|Any CPU
		{1019330A-D449-4B0E-9AEA-545DEA53E46F}.Release|Any CPU.ActiveCfg = Release|Any CPU
		{1019330A-D449-4B0E-9AEA-545DEA53E46F}.Release|Any CPU.Build.0 = Release|Any CPU
	EndGlobalSection
	GlobalSection(SolutionProperties) = preSolution
		HideSolutionNode = FALSE
	EndGlobalSection
EndGlobal
